
Microsoft Visual Studio Solution File, Format Version 12.00
# Visual Studio Version 16
VisualStudioVersion = 16.0.31112.23
MinimumVisualStudioVersion = 10.0.40219.1
Project("{2150E333-8FDC-42A3-9474-1A3956D46DE8}") = "1-Application", "1-Application", "{C7DF2B72-EEA9-42BA-B169-2D0EEF6F5B9A}"
EndProject
Project("{2150E333-8FDC-42A3-9474-1A3956D46DE8}") = "2-Domain", "2-Domain", "{3CF76939-90B5-4718-B1D7-3F6F1526AAB7}"
EndProject
Project("{2150E333-8FDC-42A3-9474-1A3956D46DE8}") = "3-Service", "3-Service", "{4AE2D437-5DD4-43C1-AFE1-E0A41E17D4A6}"
EndProject
Project("{2150E333-8FDC-42A3-9474-1A3956D46DE8}") = "4-Infra", "4-Infra", "{F46EB88C-1C08-4C4E-9602-1E7F2E59F8A8}"
EndProject
Project("{2150E333-8FDC-42A3-9474-1A3956D46DE8}") = "4-1 Data", "4-1 Data", "{ACE2A6F8-ADAD-4B0E-977C-2F31ED2694EC}"
EndProject
Project("{2150E333-8FDC-42A3-9474-1A3956D46DE8}") = "4-2 CrossCutting", "4-2 CrossCutting", "{2BB78B2C-6AB8-4B70-98F9-EBF1D84666F0}"
EndProject
Project("{9A19103F-16F7-4668-BE54-9A1E7A4F7556}") = "Domain", "Domain\Domain.csproj", "{21A8F797-A736-4F63-AFD6-E76E81F7F0AB}"
EndProject
Project("{9A19103F-16F7-4668-BE54-9A1E7A4F7556}") = "Data", "Data\Data.csproj", "{E156332D-2593-4BFD-85C5-78EAC17482AD}"
EndProject
Project("{9A19103F-16F7-4668-BE54-9A1E7A4F7556}") = "CrossCutting", "CrossCutting\CrossCutting.csproj", "{87A68ADD-D098-4CE0-BB72-C5989DB223CD}"
EndProject
Project("{9A19103F-16F7-4668-BE54-9A1E7A4F7556}") = "Services", "Services\Services.csproj", "{F827AB4A-024C-44DC-8CD7-609DAA58A6E4}"
EndProject
Project("{9A19103F-16F7-4668-BE54-9A1E7A4F7556}") = "Application", "Application\Application.csproj", "{9F2E7327-57AD-4203-B989-0D4CFE885DD6}"
EndProject
Global
	GlobalSection(SolutionConfigurationPlatforms) = preSolution
		Debug|Any CPU = Debug|Any CPU
		Release|Any CPU = Release|Any CPU
	EndGlobalSection
	GlobalSection(ProjectConfigurationPlatforms) = postSolution
		{21A8F797-A736-4F63-AFD6-E76E81F7F0AB}.Debug|Any CPU.ActiveCfg = Debug|Any CPU
		{21A8F797-A736-4F63-AFD6-E76E81F7F0AB}.Debug|Any CPU.Build.0 = Debug|Any CPU
		{21A8F797-A736-4F63-AFD6-E76E81F7F0AB}.Release|Any CPU.ActiveCfg = Release|Any CPU
		{21A8F797-A736-4F63-AFD6-E76E81F7F0AB}.Release|Any CPU.Build.0 = Release|Any CPU
		{E156332D-2593-4BFD-85C5-78EAC17482AD}.Debug|Any CPU.ActiveCfg = Debug|Any CPU
		{E156332D-2593-4BFD-85C5-78EAC17482AD}.Debug|Any CPU.Build.0 = Debug|Any CPU
		{E156332D-2593-4BFD-85C5-78EAC17482AD}.Release|Any CPU.ActiveCfg = Release|Any CPU
		{E156332D-2593-4BFD-85C5-78EAC17482AD}.Release|Any CPU.Build.0 = Release|Any CPU
		{87A68ADD-D098-4CE0-BB72-C5989DB223CD}.Debug|Any CPU.ActiveCfg = Debug|Any CPU
		{87A68ADD-D098-4CE0-BB72-C5989DB223CD}.Debug|Any CPU.Build.0 = Debug|Any CPU
		{87A68ADD-D098-4CE0-BB72-C5989DB223CD}.Release|Any CPU.ActiveCfg = Release|Any CPU
		{87A68ADD-D098-4CE0-BB72-C5989DB223CD}.Release|Any CPU.Build.0 = Release|Any CPU
		{F827AB4A-024C-44DC-8CD7-609DAA58A6E4}.Debug|Any CPU.ActiveCfg = Debug|Any CPU
		{F827AB4A-024C-44DC-8CD7-609DAA58A6E4}.Debug|Any CPU.Build.0 = Debug|Any CPU
		{F827AB4A-024C-44DC-8CD7-609DAA58A6E4}.Release|Any CPU.ActiveCfg = Release|Any CPU
		{F827AB4A-024C-44DC-8CD7-609DAA58A6E4}.Release|Any CPU.Build.0 = Release|Any CPU
		{9F2E7327-57AD-4203-B989-0D4CFE885DD6}.Debug|Any CPU.ActiveCfg = Debug|Any CPU
		{9F2E7327-57AD-4203-B989-0D4CFE885DD6}.Debug|Any CPU.Build.0 = Debug|Any CPU
		{9F2E7327-57AD-4203-B989-0D4CFE885DD6}.Release|Any CPU.ActiveCfg = Release|Any CPU
		{9F2E7327-57AD-4203-B989-0D4CFE885DD6}.Release|Any CPU.Build.0 = Release|Any CPU
	EndGlobalSection
	GlobalSection(SolutionProperties) = preSolution
		HideSolutionNode = FALSE
	EndGlobalSection
	GlobalSection(NestedProjects) = preSolution
		{ACE2A6F8-ADAD-4B0E-977C-2F31ED2694EC} = {F46EB88C-1C08-4C4E-9602-1E7F2E59F8A8}
		{2BB78B2C-6AB8-4B70-98F9-EBF1D84666F0} = {F46EB88C-1C08-4C4E-9602-1E7F2E59F8A8}
		{21A8F797-A736-4F63-AFD6-E76E81F7F0AB} = {3CF76939-90B5-4718-B1D7-3F6F1526AAB7}
		{E156332D-2593-4BFD-85C5-78EAC17482AD} = {ACE2A6F8-ADAD-4B0E-977C-2F31ED2694EC}
		{87A68ADD-D098-4CE0-BB72-C5989DB223CD} = {2BB78B2C-6AB8-4B70-98F9-EBF1D84666F0}
		{F827AB4A-024C-44DC-8CD7-609DAA58A6E4} = {4AE2D437-5DD4-43C1-AFE1-E0A41E17D4A6}
		{9F2E7327-57AD-4203-B989-0D4CFE885DD6} = {C7DF2B72-EEA9-42BA-B169-2D0EEF6F5B9A}
	EndGlobalSection
	GlobalSection(ExtensibilityGlobals) = postSolution
		SolutionGuid = {8718EF6D-3A88-4839-AF82-4C84CFA1BA07}
	EndGlobalSection
EndGlobal
